
Microsoft Visual Studio Solution File, Format Version 12.00
# Visual Studio Version 17
VisualStudioVersion = 17.9.34728.123
MinimumVisualStudioVersion = 10.0.40219.1
Project("{FAE04EC0-301F-11D3-BF4B-00C04F79EFBC}") = "sqltest.Android", "sqltest\sqltest.Android\sqltest.Android.csproj", "{8CED7068-2480-4F00-A0C4-F0402F92C808}"
EndProject
Project("{FAE04EC0-301F-11D3-BF4B-00C04F79EFBC}") = "sqltest.iOS", "sqltest\sqltest.iOS\sqltest.iOS.csproj", "{386A42D8-A6E4-49B1-B350-0D3D02CF0410}"
EndProject
Project("{FAE04EC0-301F-11D3-BF4B-00C04F79EFBC}") = "sqltest", "sqltest\sqltest\sqltest.csproj", "{EDF237CC-4724-499E-9317-29955D770688}"
EndProject
Global
	GlobalSection(SolutionConfigurationPlatforms) = preSolution
		Debug|Any CPU = Debug|Any CPU
		Debug|iPhone = Debug|iPhone
		Debug|iPhoneSimulator = Debug|iPhoneSimulator
		Release|Any CPU = Release|Any CPU
		Release|iPhone = Release|iPhone
		Release|iPhoneSimulator = Release|iPhoneSimulator
	EndGlobalSection
	GlobalSection(ProjectConfigurationPlatforms) = postSolution
		{8CED7068-2480-4F00-A0C4-F0402F92C808}.Debug|Any CPU.ActiveCfg = Debug|Any CPU
		{8CED7068-2480-4F00-A0C4-F0402F92C808}.Debug|Any CPU.Build.0 = Debug|Any CPU
		{8CED7068-2480-4F00-A0C4-F0402F92C808}.Debug|Any CPU.Deploy.0 = Debug|Any CPU
		{8CED7068-2480-4F00-A0C4-F0402F92C808}.Debug|iPhone.ActiveCfg = Debug|Any CPU
		{8CED7068-2480-4F00-A0C4-F0402F92C808}.Debug|iPhone.Build.0 = Debug|Any CPU
		{8CED7068-2480-4F00-A0C4-F0402F92C808}.Debug|iPhone.Deploy.0 = Debug|Any CPU
		{8CED7068-2480-4F00-A0C4-F0402F92C808}.Debug|iPhoneSimulator.ActiveCfg = Debug|Any CPU
		{8CED7068-2480-4F00-A0C4-F0402F92C808}.Debug|iPhoneSimulator.Build.0 = Debug|Any CPU
		{8CED7068-2480-4F00-A0C4-F0402F92C808}.Debug|iPhoneSimulator.Deploy.0 = Debug|Any CPU
		{8CED7068-2480-4F00-A0C4-F0402F92C808}.Release|Any CPU.ActiveCfg = Release|Any CPU
		{8CED7068-2480-4F00-A0C4-F0402F92C808}.Release|Any CPU.Build.0 = Release|Any CPU
		{8CED7068-2480-4F00-A0C4-F0402F92C808}.Release|Any CPU.Deploy.0 = Release|Any CPU
		{8CED7068-2480-4F00-A0C4-F0402F92C808}.Release|iPhone.ActiveCfg = Release|Any CPU
		{8CED7068-2480-4F00-A0C4-F0402F92C808}.Release|iPhone.Build.0 = Release|Any CPU
		{8CED7068-2480-4F00-A0C4-F0402F92C808}.Release|iPhone.Deploy.0 = Release|Any CPU
		{8CED7068-2480-4F00-A0C4-F0402F92C808}.Release|iPhoneSimulator.ActiveCfg = Release|Any CPU
		{8CED7068-2480-4F00-A0C4-F0402F92C808}.Release|iPhoneSimulator.Build.0 = Release|Any CPU
		{8CED7068-2480-4F00-A0C4-F0402F92C808}.Release|iPhoneSimulator.Deploy.0 = Release|Any CPU
		{386A42D8-A6E4-49B1-B350-0D3D02CF0410}.Debug|Any CPU.ActiveCfg = Debug|iPhone
		{386A42D8-A6E4-49B1-B350-0D3D02CF0410}.Debug|Any CPU.Build.0 = Debug|iPhone
		{386A42D8-A6E4-49B1-B350-0D3D02CF0410}.Debug|Any CPU.Deploy.0 = Debug|iPhone
		{386A42D8-A6E4-49B1-B350-0D3D02CF0410}.Debug|iPhone.ActiveCfg = Debug|iPhone
		{386A42D8-A6E4-49B1-B350-0D3D02CF0410}.Debug|iPhone.Build.0 = Debug|iPhone
		{386A42D8-A6E4-49B1-B350-0D3D02CF0410}.Debug|iPhone.Deploy.0 = Debug|iPhone
		{386A42D8-A6E4-49B1-B350-0D3D02CF0410}.Debug|iPhoneSimulator.ActiveCfg = Debug|iPhoneSimulator
		{386A42D8-A6E4-49B1-B350-0D3D02CF0410}.Debug|iPhoneSimulator.Build.0 = Debug|iPhoneSimulator
		{386A42D8-A6E4-49B1-B350-0D3D02CF0410}.Debug|iPhoneSimulator.Deploy.0 = Debug|iPhoneSimulator
		{386A42D8-A6E4-49B1-B350-0D3D02CF0410}.Release|Any CPU.ActiveCfg = Release|iPhoneSimulator
		{386A42D8-A6E4-49B1-B350-0D3D02CF0410}.Release|Any CPU.Build.0 = Release|iPhoneSimulator
		{386A42D8-A6E4-49B1-B350-0D3D02CF0410}.Release|Any CPU.Deploy.0 = Release|iPhoneSimulator
		{386A42D8-A6E4-49B1-B350-0D3D02CF0410}.Release|iPhone.ActiveCfg = Release|iPhone
		{386A42D8-A6E4-49B1-B350-0D3D02CF0410}.Release|iPhone.Build.0 = Release|iPhone
		{386A42D8-A6E4-49B1-B350-0D3D02CF0410}.Release|iPhone.Deploy.0 = Release|iPhone
		{386A42D8-A6E4-49B1-B350-0D3D02CF0410}.Release|iPhoneSimulator.ActiveCfg = Release|iPhoneSimulator
		{386A42D8-A6E4-49B1-B350-0D3D02CF0410}.Release|iPhoneSimulator.Build.0 = Release|iPhoneSimulator
		{386A42D8-A6E4-49B1-B350-0D3D02CF0410}.Release|iPhoneSimulator.Deploy.0 = Release|iPhoneSimulator
		{EDF237CC-4724-499E-9317-29955D770688}.Debug|Any CPU.ActiveCfg = Debug|Any CPU
		{EDF237CC-4724-499E-9317-29955D770688}.Debug|Any CPU.Build.0 = Debug|Any CPU
		{EDF237CC-4724-499E-9317-29955D770688}.Debug|Any CPU.Deploy.0 = Debug|Any CPU
		{EDF237CC-4724-499E-9317-29955D770688}.Debug|iPhone.ActiveCfg = Debug|Any CPU
		{EDF237CC-4724-499E-9317-29955D770688}.Debug|iPhone.Build.0 = Debug|Any CPU
		{EDF237CC-4724-499E-9317-29955D770688}.Debug|iPhone.Deploy.0 = Debug|Any CPU
		{EDF237CC-4724-499E-9317-29955D770688}.Debug|iPhoneSimulator.ActiveCfg = Debug|Any CPU
		{EDF237CC-4724-499E-9317-29955D770688}.Debug|iPhoneSimulator.Build.0 = Debug|Any CPU
		{EDF237CC-4724-499E-9317-29955D770688}.Debug|iPhoneSimulator.Deploy.0 = Debug|Any CPU
		{EDF237CC-4724-499E-9317-29955D770688}.Release|Any CPU.ActiveCfg = Release|Any CPU
		{EDF237CC-4724-499E-9317-29955D770688}.Release|Any CPU.Build.0 = Release|Any CPU
		{EDF237CC-4724-499E-9317-29955D770688}.Release|Any CPU.Deploy.0 = Release|Any CPU
		{EDF237CC-4724-499E-9317-29955D770688}.Release|iPhone.ActiveCfg = Release|Any CPU
		{EDF237CC-4724-499E-9317-29955D770688}.Release|iPhone.Build.0 = Release|Any CPU
		{EDF237CC-4724-499E-9317-29955D770688}.Release|iPhone.Deploy.0 = Release|Any CPU
		{EDF237CC-4724-499E-9317-29955D770688}.Release|iPhoneSimulator.ActiveCfg = Release|Any CPU
		{EDF237CC-4724-499E-9317-29955D770688}.Release|iPhoneSimulator.Build.0 = Release|Any CPU
		{EDF237CC-4724-499E-9317-29955D770688}.Release|iPhoneSimulator.Deploy.0 = Release|Any CPU
	EndGlobalSection
	GlobalSection(SolutionProperties) = preSolution
		HideSolutionNode = FALSE
	EndGlobalSection
	GlobalSection(ExtensibilityGlobals) = postSolution
		SolutionGuid = {6FF047AE-A8D6-41C1-817B-9FFB9D07B6BC}
	EndGlobalSection
EndGlobal
